
Microsoft Visual Studio Solution File, Format Version 12.00
# Visual Studio Version 17
VisualStudioVersion = 17.9.34728.123
MinimumVisualStudioVersion = 10.0.40219.1
Project("{8BC9CEB8-8B4A-11D0-8D11-00A0C91BC942}") = "ConsoleCpp", "ConsoleCpp\ConsoleCpp.vcxproj", "{3B9CE613-3601-4999-B7B2-2F65DDCCEC46}"
EndProject
Project("{FAE04EC0-301F-11D3-BF4B-00C04F79EFBC}") = "WinFormsApp1", "WinFormsApp1\WinFormsApp1.csproj", "{A35874D4-7352-4EF1-8F20-58BD125B70C4}"
EndProject
Global
	GlobalSection(SolutionConfigurationPlatforms) = preSolution
		Debug|Any CPU = Debug|Any CPU
		Debug|x64 = Debug|x64
		Debug|x86 = Debug|x86
		Release|Any CPU = Release|Any CPU
		Release|x64 = Release|x64
		Release|x86 = Release|x86
	EndGlobalSection
	GlobalSection(ProjectConfigurationPlatforms) = postSolution
		{3B9CE613-3601-4999-B7B2-2F65DDCCEC46}.Debug|Any CPU.ActiveCfg = Debug|x64
		{3B9CE613-3601-4999-B7B2-2F65DDCCEC46}.Debug|Any CPU.Build.0 = Debug|x64
		{3B9CE613-3601-4999-B7B2-2F65DDCCEC46}.Debug|x64.ActiveCfg = Debug|x64
		{3B9CE613-3601-4999-B7B2-2F65DDCCEC46}.Debug|x64.Build.0 = Debug|x64
		{3B9CE613-3601-4999-B7B2-2F65DDCCEC46}.Debug|x86.ActiveCfg = Debug|Win32
		{3B9CE613-3601-4999-B7B2-2F65DDCCEC46}.Debug|x86.Build.0 = Debug|Win32
		{3B9CE613-3601-4999-B7B2-2F65DDCCEC46}.Release|Any CPU.ActiveCfg = Release|x64
		{3B9CE613-3601-4999-B7B2-2F65DDCCEC46}.Release|Any CPU.Build.0 = Release|x64
		{3B9CE613-3601-4999-B7B2-2F65DDCCEC46}.Release|x64.ActiveCfg = Release|x64
		{3B9CE613-3601-4999-B7B2-2F65DDCCEC46}.Release|x64.Build.0 = Release|x64
		{3B9CE613-3601-4999-B7B2-2F65DDCCEC46}.Release|x86.ActiveCfg = Release|Win32
		{3B9CE613-3601-4999-B7B2-2F65DDCCEC46}.Release|x86.Build.0 = Release|Win32
		{A35874D4-7352-4EF1-8F20-58BD125B70C4}.Debug|Any CPU.ActiveCfg = Debug|Any CPU
		{A35874D4-7352-4EF1-8F20-58BD125B70C4}.Debug|Any CPU.Build.0 = Debug|Any CPU
		{A35874D4-7352-4EF1-8F20-58BD125B70C4}.Debug|x64.ActiveCfg = Debug|Any CPU
		{A35874D4-7352-4EF1-8F20-58BD125B70C4}.Debug|x64.Build.0 = Debug|Any CPU
		{A35874D4-7352-4EF1-8F20-58BD125B70C4}.Debug|x86.ActiveCfg = Debug|Any CPU
		{A35874D4-7352-4EF1-8F20-58BD125B70C4}.Debug|x86.Build.0 = Debug|Any CPU
		{A35874D4-7352-4EF1-8F20-58BD125B70C4}.Release|Any CPU.ActiveCfg = Release|Any CPU
		{A35874D4-7352-4EF1-8F20-58BD125B70C4}.Release|Any CPU.Build.0 = Release|Any CPU
		{A35874D4-7352-4EF1-8F20-58BD125B70C4}.Release|x64.ActiveCfg = Release|Any CPU
		{A35874D4-7352-4EF1-8F20-58BD125B70C4}.Release|x64.Build.0 = Release|Any CPU
		{A35874D4-7352-4EF1-8F20-58BD125B70C4}.Release|x86.ActiveCfg = Release|Any CPU
		{A35874D4-7352-4EF1-8F20-58BD125B70C4}.Release|x86.Build.0 = Release|Any CPU
	EndGlobalSection
	GlobalSection(SolutionProperties) = preSolution
		HideSolutionNode = FALSE
	EndGlobalSection
	GlobalSection(ExtensibilityGlobals) = postSolution
		SolutionGuid = {F5DDD6EE-E9CD-4299-A5ED-A490B2F9791B}
	EndGlobalSection
EndGlobal
